// !$*UTF8*$!
{
	archiveVersion = 1;
	classes = {
	};
	objectVersion = 46;
	objects = {

/* Begin PBXBuildFile section */
		726D8FA7FDDD9161F373D150 /* libPods.a in Frameworks */ = {isa = PBXBuildFile; fileRef = 528A5A5273DC2C8AE9ED7A03 /* libPods.a */; };
		C30D679D1AE9990B00A6D74E /* RDChoosePostView.m in Sources */ = {isa = PBXBuildFile; fileRef = C30D679C1AE9990B00A6D74E /* RDChoosePostView.m */; };
		C30D67A01AE9992C00A6D74E /* RDChoosePostViewController.m in Sources */ = {isa = PBXBuildFile; fileRef = C30D679F1AE9992C00A6D74E /* RDChoosePostViewController.m */; };
		C311CA561AE7F92B00FF8EFE /* main.m in Sources */ = {isa = PBXBuildFile; fileRef = C311CA551AE7F92B00FF8EFE /* main.m */; };
		C311CA591AE7F92B00FF8EFE /* AppDelegate.m in Sources */ = {isa = PBXBuildFile; fileRef = C311CA581AE7F92B00FF8EFE /* AppDelegate.m */; };
		C311CA611AE7F92B00FF8EFE /* Images.xcassets in Resources */ = {isa = PBXBuildFile; fileRef = C311CA601AE7F92B00FF8EFE /* Images.xcassets */; };
		C311CA701AE7F92B00FF8EFE /* RinderAppTests.m in Sources */ = {isa = PBXBuildFile; fileRef = C311CA6F1AE7F92B00FF8EFE /* RinderAppTests.m */; };
		C311CA7B1AE7FC1C00FF8EFE /* RDDataManager.m in Sources */ = {isa = PBXBuildFile; fileRef = C311CA7A1AE7FC1C00FF8EFE /* RDDataManager.m */; };
		C311CA7D1AE88C3200FF8EFE /* data.json in Resources */ = {isa = PBXBuildFile; fileRef = C311CA7C1AE88C3200FF8EFE /* data.json */; };
		C311CA801AE8902E00FF8EFE /* RDMockDataManager.m in Sources */ = {isa = PBXBuildFile; fileRef = C311CA7F1AE8902E00FF8EFE /* RDMockDataManager.m */; };
		C36BA1A41AFEA3AD00CFBFC6 /* RDHostDataManager.m in Sources */ = {isa = PBXBuildFile; fileRef = C36BA1A31AFEA3AD00CFBFC6 /* RDHostDataManager.m */; };
		C3B3D7801AEE93DB0064E0C4 /* rinder.png in Resources */ = {isa = PBXBuildFile; fileRef = C3B3D77F1AEE93DB0064E0C4 /* rinder.png */; };
		C3FC868A1AEABA0500DB2C6C /* RedditPost.m in Sources */ = {isa = PBXBuildFile; fileRef = C3FC86891AEABA0500DB2C6C /* RedditPost.m */; };
/* End PBXBuildFile section */

/* Begin PBXContainerItemProxy section */
		C311CA6A1AE7F92B00FF8EFE /* PBXContainerItemProxy */ = {
			isa = PBXContainerItemProxy;
			containerPortal = C311CA481AE7F92B00FF8EFE /* Project object */;
			proxyType = 1;
			remoteGlobalIDString = C311CA4F1AE7F92B00FF8EFE;
			remoteInfo = RinderApp;
		};
/* End PBXContainerItemProxy section */

/* Begin PBXFileReference section */
		528A5A5273DC2C8AE9ED7A03 /* libPods.a */ = {isa = PBXFileReference; explicitFileType = archive.ar; includeInIndex = 0; path = libPods.a; sourceTree = BUILT_PRODUCTS_DIR; };
		53B77462BA1FF35AEF011569 /* Pods.debug.xcconfig */ = {isa = PBXFileReference; includeInIndex = 1; lastKnownFileType = text.xcconfig; name = Pods.debug.xcconfig; path = "Pods/Target Support Files/Pods/Pods.debug.xcconfig"; sourceTree = "<group>"; };
		C30D679B1AE9990B00A6D74E /* RDChoosePostView.h */ = {isa = PBXFileReference; fileEncoding = 4; lastKnownFileType = sourcecode.c.h; path = RDChoosePostView.h; sourceTree = "<group>"; };
		C30D679C1AE9990B00A6D74E /* RDChoosePostView.m */ = {isa = PBXFileReference; fileEncoding = 4; lastKnownFileType = sourcecode.c.objc; path = RDChoosePostView.m; sourceTree = "<group>"; };
		C30D679E1AE9992C00A6D74E /* RDChoosePostViewController.h */ = {isa = PBXFileReference; fileEncoding = 4; lastKnownFileType = sourcecode.c.h; path = RDChoosePostViewController.h; sourceTree = "<group>"; };
		C30D679F1AE9992C00A6D74E /* RDChoosePostViewController.m */ = {isa = PBXFileReference; fileEncoding = 4; lastKnownFileType = sourcecode.c.objc; path = RDChoosePostViewController.m; sourceTree = "<group>"; };
		C311CA501AE7F92B00FF8EFE /* RinderApp.app */ = {isa = PBXFileReference; explicitFileType = wrapper.application; includeInIndex = 0; path = RinderApp.app; sourceTree = BUILT_PRODUCTS_DIR; };
		C311CA541AE7F92B00FF8EFE /* Info.plist */ = {isa = PBXFileReference; lastKnownFileType = text.plist.xml; path = Info.plist; sourceTree = "<group>"; };
		C311CA551AE7F92B00FF8EFE /* main.m */ = {isa = PBXFileReference; lastKnownFileType = sourcecode.c.objc; path = main.m; sourceTree = "<group>"; };
		C311CA571AE7F92B00FF8EFE /* AppDelegate.h */ = {isa = PBXFileReference; lastKnownFileType = sourcecode.c.h; path = AppDelegate.h; sourceTree = "<group>"; };
		C311CA581AE7F92B00FF8EFE /* AppDelegate.m */ = {isa = PBXFileReference; lastKnownFileType = sourcecode.c.objc; path = AppDelegate.m; sourceTree = "<group>"; };
		C311CA601AE7F92B00FF8EFE /* Images.xcassets */ = {isa = PBXFileReference; lastKnownFileType = folder.assetcatalog; path = Images.xcassets; sourceTree = "<group>"; };
		C311CA691AE7F92B00FF8EFE /* RinderAppTests.xctest */ = {isa = PBXFileReference; explicitFileType = wrapper.cfbundle; includeInIndex = 0; path = RinderAppTests.xctest; sourceTree = BUILT_PRODUCTS_DIR; };
		C311CA6E1AE7F92B00FF8EFE /* Info.plist */ = {isa = PBXFileReference; lastKnownFileType = text.plist.xml; path = Info.plist; sourceTree = "<group>"; };
		C311CA6F1AE7F92B00FF8EFE /* RinderAppTests.m */ = {isa = PBXFileReference; lastKnownFileType = sourcecode.c.objc; path = RinderAppTests.m; sourceTree = "<group>"; };
		C311CA791AE7FC1C00FF8EFE /* RDDataManager.h */ = {isa = PBXFileReference; fileEncoding = 4; lastKnownFileType = sourcecode.c.h; path = RDDataManager.h; sourceTree = "<group>"; };
		C311CA7A1AE7FC1C00FF8EFE /* RDDataManager.m */ = {isa = PBXFileReference; fileEncoding = 4; lastKnownFileType = sourcecode.c.objc; path = RDDataManager.m; sourceTree = "<group>"; };
		C311CA7C1AE88C3200FF8EFE /* data.json */ = {isa = PBXFileReference; fileEncoding = 4; lastKnownFileType = text.json; path = data.json; sourceTree = "<group>"; };
		C311CA7E1AE8902E00FF8EFE /* RDMockDataManager.h */ = {isa = PBXFileReference; fileEncoding = 4; lastKnownFileType = sourcecode.c.h; path = RDMockDataManager.h; sourceTree = "<group>"; };
		C311CA7F1AE8902E00FF8EFE /* RDMockDataManager.m */ = {isa = PBXFileReference; fileEncoding = 4; lastKnownFileType = sourcecode.c.objc; path = RDMockDataManager.m; sourceTree = "<group>"; };
		C36BA1A21AFEA3AD00CFBFC6 /* RDHostDataManager.h */ = {isa = PBXFileReference; fileEncoding = 4; lastKnownFileType = sourcecode.c.h; path = RDHostDataManager.h; sourceTree = "<group>"; };
		C36BA1A31AFEA3AD00CFBFC6 /* RDHostDataManager.m */ = {isa = PBXFileReference; fileEncoding = 4; lastKnownFileType = sourcecode.c.objc; path = RDHostDataManager.m; sourceTree = "<group>"; };
		C3B3D77F1AEE93DB0064E0C4 /* rinder.png */ = {isa = PBXFileReference; lastKnownFileType = image.png; path = rinder.png; sourceTree = "<group>"; };
		C3FC86881AEABA0500DB2C6C /* RedditPost.h */ = {isa = PBXFileReference; fileEncoding = 4; lastKnownFileType = sourcecode.c.h; path = RedditPost.h; sourceTree = "<group>"; };
		C3FC86891AEABA0500DB2C6C /* RedditPost.m */ = {isa = PBXFileReference; fileEncoding = 4; lastKnownFileType = sourcecode.c.objc; path = RedditPost.m; sourceTree = "<group>"; };
		CF0AA442B947FEC200A32AAA /* Pods.release.xcconfig */ = {isa = PBXFileReference; includeInIndex = 1; lastKnownFileType = text.xcconfig; name = Pods.release.xcconfig; path = "Pods/Target Support Files/Pods/Pods.release.xcconfig"; sourceTree = "<group>"; };
/* End PBXFileReference section */

/* Begin PBXFrameworksBuildPhase section */
		C311CA4D1AE7F92B00FF8EFE /* Frameworks */ = {
			isa = PBXFrameworksBuildPhase;
			buildActionMask = 2147483647;
			files = (
				726D8FA7FDDD9161F373D150 /* libPods.a in Frameworks */,
			);
			runOnlyForDeploymentPostprocessing = 0;
		};
		C311CA661AE7F92B00FF8EFE /* Frameworks */ = {
			isa = PBXFrameworksBuildPhase;
			buildActionMask = 2147483647;
			files = (
			);
			runOnlyForDeploymentPostprocessing = 0;
		};
/* End PBXFrameworksBuildPhase section */

/* Begin PBXGroup section */
		5FB8AF292D06164D52F689F0 /* Pods */ = {
			isa = PBXGroup;
			children = (
				53B77462BA1FF35AEF011569 /* Pods.debug.xcconfig */,
				CF0AA442B947FEC200A32AAA /* Pods.release.xcconfig */,
			);
			name = Pods;
			sourceTree = "<group>";
		};
		7BA4CE068AB2D0C20CDC9A96 /* Frameworks */ = {
			isa = PBXGroup;
			children = (
				528A5A5273DC2C8AE9ED7A03 /* libPods.a */,
			);
			name = Frameworks;
			sourceTree = "<group>";
		};
		C30D679A1AE97A0400A6D74E /* DataManagers */ = {
			isa = PBXGroup;
			children = (
				C311CA791AE7FC1C00FF8EFE /* RDDataManager.h */,
				C311CA7A1AE7FC1C00FF8EFE /* RDDataManager.m */,
				C311CA7E1AE8902E00FF8EFE /* RDMockDataManager.h */,
				C311CA7F1AE8902E00FF8EFE /* RDMockDataManager.m */,
				C36BA1A21AFEA3AD00CFBFC6 /* RDHostDataManager.h */,
				C36BA1A31AFEA3AD00CFBFC6 /* RDHostDataManager.m */,
			);
			name = DataManagers;
			sourceTree = "<group>";
		};
		C311CA471AE7F92A00FF8EFE = {
			isa = PBXGroup;
			children = (
				C311CA521AE7F92B00FF8EFE /* RinderApp */,
				C311CA6C1AE7F92B00FF8EFE /* RinderAppTests */,
				C311CA511AE7F92B00FF8EFE /* Products */,
				5FB8AF292D06164D52F689F0 /* Pods */,
				7BA4CE068AB2D0C20CDC9A96 /* Frameworks */,
			);
			sourceTree = "<group>";
		};
		C311CA511AE7F92B00FF8EFE /* Products */ = {
			isa = PBXGroup;
			children = (
				C311CA501AE7F92B00FF8EFE /* RinderApp.app */,
				C311CA691AE7F92B00FF8EFE /* RinderAppTests.xctest */,
			);
			name = Products;
			sourceTree = "<group>";
		};
		C311CA521AE7F92B00FF8EFE /* RinderApp */ = {
			isa = PBXGroup;
			children = (
				C311CA571AE7F92B00FF8EFE /* AppDelegate.h */,
				C311CA581AE7F92B00FF8EFE /* AppDelegate.m */,
				C3FC86881AEABA0500DB2C6C /* RedditPost.h */,
				C3FC86891AEABA0500DB2C6C /* RedditPost.m */,
				C30D679B1AE9990B00A6D74E /* RDChoosePostView.h */,
				C30D679C1AE9990B00A6D74E /* RDChoosePostView.m */,
				C30D679E1AE9992C00A6D74E /* RDChoosePostViewController.h */,
				C30D679F1AE9992C00A6D74E /* RDChoosePostViewController.m */,
				C30D679A1AE97A0400A6D74E /* DataManagers */,
				C311CA601AE7F92B00FF8EFE /* Images.xcassets */,
				C311CA7C1AE88C3200FF8EFE /* data.json */,
				C3B3D77F1AEE93DB0064E0C4 /* rinder.png */,
				C311CA531AE7F92B00FF8EFE /* Supporting Files */,
			);
			path = RinderApp;
			sourceTree = "<group>";
		};
		C311CA531AE7F92B00FF8EFE /* Supporting Files */ = {
			isa = PBXGroup;
			children = (
				C311CA541AE7F92B00FF8EFE /* Info.plist */,
				C311CA551AE7F92B00FF8EFE /* main.m */,
			);
			name = "Supporting Files";
			sourceTree = "<group>";
		};
		C311CA6C1AE7F92B00FF8EFE /* RinderAppTests */ = {
			isa = PBXGroup;
			children = (
				C311CA6F1AE7F92B00FF8EFE /* RinderAppTests.m */,
				C311CA6D1AE7F92B00FF8EFE /* Supporting Files */,
			);
			path = RinderAppTests;
			sourceTree = "<group>";
		};
		C311CA6D1AE7F92B00FF8EFE /* Supporting Files */ = {
			isa = PBXGroup;
			children = (
				C311CA6E1AE7F92B00FF8EFE /* Info.plist */,
			);
			name = "Supporting Files";
			sourceTree = "<group>";
		};
/* End PBXGroup section */

/* Begin PBXNativeTarget section */
		C311CA4F1AE7F92B00FF8EFE /* RinderApp */ = {
			isa = PBXNativeTarget;
			buildConfigurationList = C311CA731AE7F92B00FF8EFE /* Build configuration list for PBXNativeTarget "RinderApp" */;
			buildPhases = (
				C121F46C87AC0D1CCB6796C4 /* Check Pods Manifest.lock */,
				C311CA4C1AE7F92B00FF8EFE /* Sources */,
				C311CA4D1AE7F92B00FF8EFE /* Frameworks */,
				C311CA4E1AE7F92B00FF8EFE /* Resources */,
				11778BDEF08F6D2BD2ED6838 /* Copy Pods Resources */,
			);
			buildRules = (
			);
			dependencies = (
			);
			name = RinderApp;
			productName = RinderApp;
			productReference = C311CA501AE7F92B00FF8EFE /* RinderApp.app */;
			productType = "com.apple.product-type.application";
		};
		C311CA681AE7F92B00FF8EFE /* RinderAppTests */ = {
			isa = PBXNativeTarget;
			buildConfigurationList = C311CA761AE7F92B00FF8EFE /* Build configuration list for PBXNativeTarget "RinderAppTests" */;
			buildPhases = (
				C311CA651AE7F92B00FF8EFE /* Sources */,
				C311CA661AE7F92B00FF8EFE /* Frameworks */,
				C311CA671AE7F92B00FF8EFE /* Resources */,
			);
			buildRules = (
			);
			dependencies = (
				C311CA6B1AE7F92B00FF8EFE /* PBXTargetDependency */,
			);
			name = RinderAppTests;
			productName = RinderAppTests;
			productReference = C311CA691AE7F92B00FF8EFE /* RinderAppTests.xctest */;
			productType = "com.apple.product-type.bundle.unit-test";
		};
/* End PBXNativeTarget section */

/* Begin PBXProject section */
		C311CA481AE7F92B00FF8EFE /* Project object */ = {
			isa = PBXProject;
			attributes = {
				LastUpgradeCheck = 0630;
				ORGANIZATIONNAME = RD;
				TargetAttributes = {
					C311CA4F1AE7F92B00FF8EFE = {
						CreatedOnToolsVersion = 6.3.1;
						DevelopmentTeam = TMTUBE4K7Y;
					};
					C311CA681AE7F92B00FF8EFE = {
						CreatedOnToolsVersion = 6.3.1;
						TestTargetID = C311CA4F1AE7F92B00FF8EFE;
					};
				};
			};
			buildConfigurationList = C311CA4B1AE7F92B00FF8EFE /* Build configuration list for PBXProject "RinderApp" */;
			compatibilityVersion = "Xcode 3.2";
			developmentRegion = English;
			hasScannedForEncodings = 0;
			knownRegions = (
				en,
				Base,
			);
			mainGroup = C311CA471AE7F92A00FF8EFE;
			productRefGroup = C311CA511AE7F92B00FF8EFE /* Products */;
			projectDirPath = "";
			projectRoot = "";
			targets = (
				C311CA4F1AE7F92B00FF8EFE /* RinderApp */,
				C311CA681AE7F92B00FF8EFE /* RinderAppTests */,
			);
		};
/* End PBXProject section */

/* Begin PBXResourcesBuildPhase section */
		C311CA4E1AE7F92B00FF8EFE /* Resources */ = {
			isa = PBXResourcesBuildPhase;
			buildActionMask = 2147483647;
			files = (
				C311CA611AE7F92B00FF8EFE /* Images.xcassets in Resources */,
				C3B3D7801AEE93DB0064E0C4 /* rinder.png in Resources */,
				C311CA7D1AE88C3200FF8EFE /* data.json in Resources */,
			);
			runOnlyForDeploymentPostprocessing = 0;
		};
		C311CA671AE7F92B00FF8EFE /* Resources */ = {
			isa = PBXResourcesBuildPhase;
			buildActionMask = 2147483647;
			files = (
			);
			runOnlyForDeploymentPostprocessing = 0;
		};
/* End PBXResourcesBuildPhase section */

/* Begin PBXShellScriptBuildPhase section */
		11778BDEF08F6D2BD2ED6838 /* Copy Pods Resources */ = {
			isa = PBXShellScriptBuildPhase;
			buildActionMask = 2147483647;
			files = (
			);
			inputPaths = (
			);
			name = "Copy Pods Resources";
			outputPaths = (
			);
			runOnlyForDeploymentPostprocessing = 0;
			shellPath = /bin/sh;
			shellScript = "\"${SRCROOT}/Pods/Target Support Files/Pods/Pods-resources.sh\"\n";
			showEnvVarsInLog = 0;
		};
		C121F46C87AC0D1CCB6796C4 /* Check Pods Manifest.lock */ = {
			isa = PBXShellScriptBuildPhase;
			buildActionMask = 2147483647;
			files = (
			);
			inputPaths = (
			);
			name = "Check Pods Manifest.lock";
			outputPaths = (
			);
			runOnlyForDeploymentPostprocessing = 0;
			shellPath = /bin/sh;
			shellScript = "diff \"${PODS_ROOT}/../Podfile.lock\" \"${PODS_ROOT}/Manifest.lock\" > /dev/null\nif [[ $? != 0 ]] ; then\n    cat << EOM\nerror: The sandbox is not in sync with the Podfile.lock. Run 'pod install' or update your CocoaPods installation.\nEOM\n    exit 1\nfi\n";
			showEnvVarsInLog = 0;
		};
/* End PBXShellScriptBuildPhase section */

/* Begin PBXSourcesBuildPhase section */
		C311CA4C1AE7F92B00FF8EFE /* Sources */ = {
			isa = PBXSourcesBuildPhase;
			buildActionMask = 2147483647;
			files = (
				C311CA801AE8902E00FF8EFE /* RDMockDataManager.m in Sources */,
				C3FC868A1AEABA0500DB2C6C /* RedditPost.m in Sources */,
				C30D679D1AE9990B00A6D74E /* RDChoosePostView.m in Sources */,
				C311CA7B1AE7FC1C00FF8EFE /* RDDataManager.m in Sources */,
				C30D67A01AE9992C00A6D74E /* RDChoosePostViewController.m in Sources */,
				C311CA591AE7F92B00FF8EFE /* AppDelegate.m in Sources */,
				C311CA561AE7F92B00FF8EFE /* main.m in Sources */,
				C36BA1A41AFEA3AD00CFBFC6 /* RDHostDataManager.m in Sources */,
			);
			runOnlyForDeploymentPostprocessing = 0;
		};
		C311CA651AE7F92B00FF8EFE /* Sources */ = {
			isa = PBXSourcesBuildPhase;
			buildActionMask = 2147483647;
			files = (
				C311CA701AE7F92B00FF8EFE /* RinderAppTests.m in Sources */,
			);
			runOnlyForDeploymentPostprocessing = 0;
		};
/* End PBXSourcesBuildPhase section */

/* Begin PBXTargetDependency section */
		C311CA6B1AE7F92B00FF8EFE /* PBXTargetDependency */ = {
			isa = PBXTargetDependency;
			target = C311CA4F1AE7F92B00FF8EFE /* RinderApp */;
			targetProxy = C311CA6A1AE7F92B00FF8EFE /* PBXContainerItemProxy */;
		};
/* End PBXTargetDependency section */

/* Begin XCBuildConfiguration section */
		C311CA711AE7F92B00FF8EFE /* Debug */ = {
			isa = XCBuildConfiguration;
			buildSettings = {
				ALWAYS_SEARCH_USER_PATHS = NO;
				CLANG_CXX_LANGUAGE_STANDARD = "gnu++0x";
				CLANG_CXX_LIBRARY = "libc++";
				CLANG_ENABLE_MODULES = YES;
				CLANG_ENABLE_OBJC_ARC = YES;
				CLANG_WARN_BOOL_CONVERSION = YES;
				CLANG_WARN_CONSTANT_CONVERSION = YES;
				CLANG_WARN_DIRECT_OBJC_ISA_USAGE = YES_ERROR;
				CLANG_WARN_EMPTY_BODY = YES;
				CLANG_WARN_ENUM_CONVERSION = YES;
				CLANG_WARN_INT_CONVERSION = YES;
				CLANG_WARN_OBJC_ROOT_CLASS = YES_ERROR;
				CLANG_WARN_UNREACHABLE_CODE = YES;
				CLANG_WARN__DUPLICATE_METHOD_MATCH = YES;
				"CODE_SIGN_IDENTITY[sdk=iphoneos*]" = "iPhone Developer";
				COPY_PHASE_STRIP = NO;
				DEBUG_INFORMATION_FORMAT = "dwarf-with-dsym";
				ENABLE_STRICT_OBJC_MSGSEND = YES;
				GCC_C_LANGUAGE_STANDARD = gnu99;
				GCC_DYNAMIC_NO_PIC = NO;
				GCC_NO_COMMON_BLOCKS = YES;
				GCC_OPTIMIZATION_LEVEL = 0;
				GCC_PREPROCESSOR_DEFINITIONS = (
					"DEBUG=1",
					"$(inherited)",
				);
				GCC_SYMBOLS_PRIVATE_EXTERN = NO;
				GCC_WARN_64_TO_32_BIT_CONVERSION = YES;
				GCC_WARN_ABOUT_RETURN_TYPE = YES_ERROR;
				GCC_WARN_UNDECLARED_SELECTOR = YES;
				GCC_WARN_UNINITIALIZED_AUTOS = YES_AGGRESSIVE;
				GCC_WARN_UNUSED_FUNCTION = YES;
				GCC_WARN_UNUSED_VARIABLE = YES;
				IPHONEOS_DEPLOYMENT_TARGET = 8.3;
				MTL_ENABLE_DEBUG_INFO = YES;
				ONLY_ACTIVE_ARCH = YES;
				SDKROOT = iphoneos;
			};
			name = Debug;
		};
		C311CA721AE7F92B00FF8EFE /* Release */ = {
			isa = XCBuildConfiguration;
			buildSettings = {
				ALWAYS_SEARCH_USER_PATHS = NO;
				CLANG_CXX_LANGUAGE_STANDARD = "gnu++0x";
				CLANG_CXX_LIBRARY = "libc++";
				CLANG_ENABLE_MODULES = YES;
				CLANG_ENABLE_OBJC_ARC = YES;
				CLANG_WARN_BOOL_CONVERSION = YES;
				CLANG_WARN_CONSTANT_CONVERSION = YES;
				CLANG_WARN_DIRECT_OBJC_ISA_USAGE = YES_ERROR;
				CLANG_WARN_EMPTY_BODY = YES;
				CLANG_WARN_ENUM_CONVERSION = YES;
				CLANG_WARN_INT_CONVERSION = YES;
				CLANG_WARN_OBJC_ROOT_CLASS = YES_ERROR;
				CLANG_WARN_UNREACHABLE_CODE = YES;
				CLANG_WARN__DUPLICATE_METHOD_MATCH = YES;
				"CODE_SIGN_IDENTITY[sdk=iphoneos*]" = "iPhone Developer";
				COPY_PHASE_STRIP = NO;
				DEBUG_INFORMATION_FORMAT = "dwarf-with-dsym";
				ENABLE_NS_ASSERTIONS = NO;
				ENABLE_STRICT_OBJC_MSGSEND = YES;
				GCC_C_LANGUAGE_STANDARD = gnu99;
				GCC_NO_COMMON_BLOCKS = YES;
				GCC_WARN_64_TO_32_BIT_CONVERSION = YES;
				GCC_WARN_ABOUT_RETURN_TYPE = YES_ERROR;
				GCC_WARN_UNDECLARED_SELECTOR = YES;
				GCC_WARN_UNINITIALIZED_AUTOS = YES_AGGRESSIVE;
				GCC_WARN_UNUSED_FUNCTION = YES;
				GCC_WARN_UNUSED_VARIABLE = YES;
				IPHONEOS_DEPLOYMENT_TARGET = 8.3;
				MTL_ENABLE_DEBUG_INFO = NO;
				SDKROOT = iphoneos;
				VALIDATE_PRODUCT = YES;
			};
			name = Release;
		};
		C311CA741AE7F92B00FF8EFE /* Debug */ = {
			isa = XCBuildConfiguration;
			baseConfigurationReference = 53B77462BA1FF35AEF011569 /* Pods.debug.xcconfig */;
			buildSettings = {
				ASSETCATALOG_COMPILER_APPICON_NAME = AppIcon;
				CODE_SIGN_IDENTITY = "iPhone Developer";
				"CODE_SIGN_IDENTITY[sdk=iphoneos*]" = "iPhone Developer";
				INFOPLIST_FILE = RinderApp/Info.plist;
				LD_RUNPATH_SEARCH_PATHS = "$(inherited) @executable_path/Frameworks";
				PRODUCT_NAME = "$(TARGET_NAME)";
				PROVISIONING_PROFILE = "";
			};
			name = Debug;
		};
		C311CA751AE7F92B00FF8EFE /* Release */ = {
			isa = XCBuildConfiguration;
			baseConfigurationReference = CF0AA442B947FEC200A32AAA /* Pods.release.xcconfig */;
			buildSettings = {
				ASSETCATALOG_COMPILER_APPICON_NAME = AppIcon;
				CODE_SIGN_IDENTITY = "iPhone Developer";
				"CODE_SIGN_IDENTITY[sdk=iphoneos*]" = "iPhone Developer";
				INFOPLIST_FILE = RinderApp/Info.plist;
				LD_RUNPATH_SEARCH_PATHS = "$(inherited) @executable_path/Frameworks";
				PRODUCT_NAME = "$(TARGET_NAME)";
				PROVISIONING_PROFILE = "";
			};
			name = Release;
		};
		C311CA771AE7F92B00FF8EFE /* Debug */ = {
			isa = XCBuildConfiguration;
			buildSettings = {
				BUNDLE_LOADER = "$(TEST_HOST)";
				FRAMEWORK_SEARCH_PATHS = (
					"$(SDKROOT)/Developer/Library/Frameworks",
					"$(inherited)",
				);
				GCC_PREPROCESSOR_DEFINITIONS = (
					"DEBUG=1",
					"$(inherited)",
				);
				INFOPLIST_FILE = RinderAppTests/Info.plist;
				LD_RUNPATH_SEARCH_PATHS = "$(inherited) @executable_path/Frameworks @loader_path/Frameworks";
				PRODUCT_NAME = "$(TARGET_NAME)";
				TEST_HOST = "$(BUILT_PRODUCTS_DIR)/RinderApp.app/RinderApp";
			};
			name = Debug;
		};
		C311CA781AE7F92B00FF8EFE /* Release */ = {
			isa = XCBuildConfiguration;
			buildSettings = {
				BUNDLE_LOADER = "$(TEST_HOST)";
				FRAMEWORK_SEARCH_PATHS = (
					"$(SDKROOT)/Developer/Library/Frameworks",
					"$(inherited)",
				);
				INFOPLIST_FILE = RinderAppTests/Info.plist;
				LD_RUNPATH_SEARCH_PATHS = "$(inherited) @executable_path/Frameworks @loader_path/Frameworks";
				PRODUCT_NAME = "$(TARGET_NAME)";
				TEST_HOST = "$(BUILT_PRODUCTS_DIR)/RinderApp.app/RinderApp";
			};
			name = Release;
		};
/* End XCBuildConfiguration section */

/* Begin XCConfigurationList section */
		C311CA4B1AE7F92B00FF8EFE /* Build configuration list for PBXProject "RinderApp" */ = {
			isa = XCConfigurationList;
			buildConfigurations = (
				C311CA711AE7F92B00FF8EFE /* Debug */,
				C311CA721AE7F92B00FF8EFE /* Release */,
			);
			defaultConfigurationIsVisible = 0;
			defaultConfigurationName = Release;
		};
		C311CA731AE7F92B00FF8EFE /* Build configuration list for PBXNativeTarget "RinderApp" */ = {
			isa = XCConfigurationList;
			buildConfigurations = (
				C311CA741AE7F92B00FF8EFE /* Debug */,
				C311CA751AE7F92B00FF8EFE /* Release */,
			);
			defaultConfigurationIsVisible = 0;
			defaultConfigurationName = Release;
		};
		C311CA761AE7F92B00FF8EFE /* Build configuration list for PBXNativeTarget "RinderAppTests" */ = {
			isa = XCConfigurationList;
			buildConfigurations = (
				C311CA771AE7F92B00FF8EFE /* Debug */,
				C311CA781AE7F92B00FF8EFE /* Release */,
			);
			defaultConfigurationIsVisible = 0;
			defaultConfigurationName = Release;
		};
/* End XCConfigurationList section */
	};
	rootObject = C311CA481AE7F92B00FF8EFE /* Project object */;
}
